
Microsoft Visual Studio Solution File, Format Version 12.00
# Visual Studio Version 16
VisualStudioVersion = 16.0.33529.622
MinimumVisualStudioVersion = 10.0.40219.1
Project("{FAE04EC0-301F-11D3-BF4B-00C04F79EFBC}") = "PiggyBank", "PiggyBank\PiggyBank.csproj", "{9C0C7C9B-4447-4A27-8DEA-EA5158615F8E}"
EndProject
Global
	GlobalSection(SolutionConfigurationPlatforms) = preSolution
		Debug|Any CPU = Debug|Any CPU
		Release|Any CPU = Release|Any CPU
	EndGlobalSection
	GlobalSection(ProjectConfigurationPlatforms) = postSolution
		{9C0C7C9B-4447-4A27-8DEA-EA5158615F8E}.Debug|Any CPU.ActiveCfg = Debug|Any CPU
		{9C0C7C9B-4447-4A27-8DEA-EA5158615F8E}.Debug|Any CPU.Build.0 = Debug|Any CPU
		{9C0C7C9B-4447-4A27-8DEA-EA5158615F8E}.Release|Any CPU.ActiveCfg = Release|Any CPU
		{9C0C7C9B-4447-4A27-8DEA-EA5158615F8E}.Release|Any CPU.Build.0 = Release|Any CPU
	EndGlobalSection
	GlobalSection(SolutionProperties) = preSolution
		HideSolutionNode = FALSE
	EndGlobalSection
	GlobalSection(ExtensibilityGlobals) = postSolution
		SolutionGuid = {F7590BE1-2B21-4496-9BED-9669692B8FF5}
	EndGlobalSection
EndGlobal
